
Microsoft Visual Studio Solution File, Format Version 12.00
# Visual Studio 14
VisualStudioVersion = 14.0.25420.1
MinimumVisualStudioVersion = 10.0.40219.1
Project("{8BB2217D-0F2D-49D1-97BC-3654ED321F3B}") = "HttpServer", "HttpServer\HttpServer.xproj", "{3D939410-58D9-4573-9B7B-854465AECF27}"
EndProject
Global
	GlobalSection(SolutionConfigurationPlatforms) = preSolution
		Debug|Any CPU = Debug|Any CPU
		Release|Any CPU = Release|Any CPU
	EndGlobalSection
	GlobalSection(ProjectConfigurationPlatforms) = postSolution
		{3D939410-58D9-4573-9B7B-854465AECF27}.Debug|Any CPU.ActiveCfg = Debug|Any CPU
		{3D939410-58D9-4573-9B7B-854465AECF27}.Debug|Any CPU.Build.0 = Debug|Any CPU
		{3D939410-58D9-4573-9B7B-854465AECF27}.Release|Any CPU.ActiveCfg = Release|Any CPU
		{3D939410-58D9-4573-9B7B-854465AECF27}.Release|Any CPU.Build.0 = Release|Any CPU
	EndGlobalSection
	GlobalSection(SolutionProperties) = preSolution
		HideSolutionNode = FALSE
	EndGlobalSection
	GlobalSection(ExtensibilityGlobals) = postSolution
		EnterpriseLibraryConfigurationToolBinariesPathV6 = packages\EnterpriseLibrary.TransientFaultHandling.6.0.1304.0\lib\portable-net45+win+wp8;packages\EnterpriseLibrary.TransientFaultHandling.Data.6.0.1304.1\lib\NET45
	EndGlobalSection
EndGlobal
